
Microsoft Visual Studio Solution File, Format Version 12.00
# Visual Studio Version 16
VisualStudioVersion = 16.0.31702.278
MinimumVisualStudioVersion = 10.0.40219.1
Project("{FAE04EC0-301F-11D3-BF4B-00C04F79EFBC}") = "visitors", "visitors\visitors.csproj", "{5C53738E-F034-4A86-A438-989C95405FF8}"
EndProject
Global
	GlobalSection(SolutionConfigurationPlatforms) = preSolution
		Debug|Any CPU = Debug|Any CPU
		Release|Any CPU = Release|Any CPU
	EndGlobalSection
	GlobalSection(ProjectConfigurationPlatforms) = postSolution
		{5C53738E-F034-4A86-A438-989C95405FF8}.Debug|Any CPU.ActiveCfg = Debug|Any CPU
		{5C53738E-F034-4A86-A438-989C95405FF8}.Debug|Any CPU.Build.0 = Debug|Any CPU
		{5C53738E-F034-4A86-A438-989C95405FF8}.Release|Any CPU.ActiveCfg = Release|Any CPU
		{5C53738E-F034-4A86-A438-989C95405FF8}.Release|Any CPU.Build.0 = Release|Any CPU
	EndGlobalSection
	GlobalSection(SolutionProperties) = preSolution
		HideSolutionNode = FALSE
	EndGlobalSection
	GlobalSection(ExtensibilityGlobals) = postSolution
		SolutionGuid = {8E3A08C5-C1B1-4BA9-B9DC-FF881684548E}
	EndGlobalSection
EndGlobal
